
Microsoft Visual Studio Solution File, Format Version 12.00
# Visual Studio 15
VisualStudioVersion = 15.0.28010.2046
MinimumVisualStudioVersion = 10.0.40219.1
Project("{FAE04EC0-301F-11D3-BF4B-00C04F79EFBC}") = "PiotrKoleczeklab2", "PiotrKoleczeklab2\PiotrKoleczeklab2.csproj", "{595BA7FE-AB24-4A9C-934A-D89B7BC20DAF}"
EndProject
Global
	GlobalSection(SolutionConfigurationPlatforms) = preSolution
		Debug|Any CPU = Debug|Any CPU
		Release|Any CPU = Release|Any CPU
	EndGlobalSection
	GlobalSection(ProjectConfigurationPlatforms) = postSolution
		{595BA7FE-AB24-4A9C-934A-D89B7BC20DAF}.Debug|Any CPU.ActiveCfg = Debug|Any CPU
		{595BA7FE-AB24-4A9C-934A-D89B7BC20DAF}.Debug|Any CPU.Build.0 = Debug|Any CPU
		{595BA7FE-AB24-4A9C-934A-D89B7BC20DAF}.Release|Any CPU.ActiveCfg = Release|Any CPU
		{595BA7FE-AB24-4A9C-934A-D89B7BC20DAF}.Release|Any CPU.Build.0 = Release|Any CPU
	EndGlobalSection
	GlobalSection(SolutionProperties) = preSolution
		HideSolutionNode = FALSE
	EndGlobalSection
	GlobalSection(ExtensibilityGlobals) = postSolution
		SolutionGuid = {EC28785A-7481-42BA-AAED-3BDD6CFFCA99}
	EndGlobalSection
EndGlobal
